
Microsoft Visual Studio Solution File, Format Version 12.00
# Visual Studio Version 16
VisualStudioVersion = 16.0.29814.53
MinimumVisualStudioVersion = 15.0.26124.0
Project("{9A19103F-16F7-4668-BE54-9A1E7A4F7556}") = "Benchmark.App", "Benchmark.App\Benchmark.App.csproj", "{991E9978-FDCB-4EE6-86AD-8DD9E33CCC2E}"
EndProject
Project("{2150E333-8FDC-42A3-9474-1A3956D46DE8}") = "Solution Items", "Solution Items", "{379CE65C-F0C5-4F3A-AD69-6B67D73760D6}"
	ProjectSection(SolutionItems) = preProject
		.gitignore = .gitignore
		build.cake = build.cake
		README.md = README.md
	EndProjectSection
EndProject
Global
	GlobalSection(SolutionConfigurationPlatforms) = preSolution
		Debug|Any CPU = Debug|Any CPU
		Debug|x64 = Debug|x64
		Debug|x86 = Debug|x86
		Release|Any CPU = Release|Any CPU
		Release|x64 = Release|x64
		Release|x86 = Release|x86
	EndGlobalSection
	GlobalSection(ProjectConfigurationPlatforms) = postSolution
		{991E9978-FDCB-4EE6-86AD-8DD9E33CCC2E}.Debug|Any CPU.ActiveCfg = Debug|Any CPU
		{991E9978-FDCB-4EE6-86AD-8DD9E33CCC2E}.Debug|Any CPU.Build.0 = Debug|Any CPU
		{991E9978-FDCB-4EE6-86AD-8DD9E33CCC2E}.Debug|x64.ActiveCfg = Debug|Any CPU
		{991E9978-FDCB-4EE6-86AD-8DD9E33CCC2E}.Debug|x64.Build.0 = Debug|Any CPU
		{991E9978-FDCB-4EE6-86AD-8DD9E33CCC2E}.Debug|x86.ActiveCfg = Debug|Any CPU
		{991E9978-FDCB-4EE6-86AD-8DD9E33CCC2E}.Debug|x86.Build.0 = Debug|Any CPU
		{991E9978-FDCB-4EE6-86AD-8DD9E33CCC2E}.Release|Any CPU.ActiveCfg = Release|Any CPU
		{991E9978-FDCB-4EE6-86AD-8DD9E33CCC2E}.Release|Any CPU.Build.0 = Release|Any CPU
		{991E9978-FDCB-4EE6-86AD-8DD9E33CCC2E}.Release|x64.ActiveCfg = Release|Any CPU
		{991E9978-FDCB-4EE6-86AD-8DD9E33CCC2E}.Release|x64.Build.0 = Release|Any CPU
		{991E9978-FDCB-4EE6-86AD-8DD9E33CCC2E}.Release|x86.ActiveCfg = Release|Any CPU
		{991E9978-FDCB-4EE6-86AD-8DD9E33CCC2E}.Release|x86.Build.0 = Release|Any CPU
	EndGlobalSection
	GlobalSection(SolutionProperties) = preSolution
		HideSolutionNode = FALSE
	EndGlobalSection
	GlobalSection(ExtensibilityGlobals) = postSolution
		SolutionGuid = {C3E88BE1-B131-48C4-ABF3-82603EAB2BE1}
	EndGlobalSection
EndGlobal
