
Microsoft Visual Studio Solution File, Format Version 12.00
# Visual Studio Version 16
VisualStudioVersion = 16.0.29814.53
MinimumVisualStudioVersion = 15.0.26124.0
Project("{2150E333-8FDC-42A3-9474-1A3956D46DE8}") = "Solution Items", "Solution Items", "{379CE65C-F0C5-4F3A-AD69-6B67D73760D6}"
	ProjectSection(SolutionItems) = preProject
		.gitignore = .gitignore
		build.cake = build.cake
		README.md = README.md
	EndProjectSection
EndProject
Project("{9A19103F-16F7-4668-BE54-9A1E7A4F7556}") = "Benchmark.App", "src\Benchmark.App\Benchmark.App.csproj", "{50C508DF-B62D-4F20-95BB-A42DCA99EB44}"
EndProject
Project("{2150E333-8FDC-42A3-9474-1A3956D46DE8}") = "src", "src", "{640D523E-0285-4C0B-A659-638D4F665B7E}"
EndProject
Global
	GlobalSection(SolutionConfigurationPlatforms) = preSolution
		Debug|Any CPU = Debug|Any CPU
		Release|Any CPU = Release|Any CPU
	EndGlobalSection
	GlobalSection(ProjectConfigurationPlatforms) = postSolution
		{50C508DF-B62D-4F20-95BB-A42DCA99EB44}.Debug|Any CPU.ActiveCfg = Debug|Any CPU
		{50C508DF-B62D-4F20-95BB-A42DCA99EB44}.Debug|Any CPU.Build.0 = Debug|Any CPU
		{50C508DF-B62D-4F20-95BB-A42DCA99EB44}.Release|Any CPU.ActiveCfg = Release|Any CPU
		{50C508DF-B62D-4F20-95BB-A42DCA99EB44}.Release|Any CPU.Build.0 = Release|Any CPU
	EndGlobalSection
	GlobalSection(SolutionProperties) = preSolution
		HideSolutionNode = FALSE
	EndGlobalSection
	GlobalSection(NestedProjects) = preSolution
		{50C508DF-B62D-4F20-95BB-A42DCA99EB44} = {640D523E-0285-4C0B-A659-638D4F665B7E}
	EndGlobalSection
	GlobalSection(ExtensibilityGlobals) = postSolution
		SolutionGuid = {C3E88BE1-B131-48C4-ABF3-82603EAB2BE1}
	EndGlobalSection
EndGlobal
